
Microsoft Visual Studio Solution File, Format Version 12.00
# Visual Studio Version 17
VisualStudioVersion = 17.11.35327.3
MinimumVisualStudioVersion = 10.0.40219.1
Project("{FAE04EC0-301F-11D3-BF4B-00C04F79EFBC}") = "VacacionalDia1Tarde", "VacacionalDia1Tarde\VacacionalDia1Tarde.csproj", "{8CF7CF00-5796-40A7-BBA2-E7EB057A1689}"
EndProject
Global
	GlobalSection(SolutionConfigurationPlatforms) = preSolution
		Debug|Any CPU = Debug|Any CPU
		Release|Any CPU = Release|Any CPU
	EndGlobalSection
	GlobalSection(ProjectConfigurationPlatforms) = postSolution
		{8CF7CF00-5796-40A7-BBA2-E7EB057A1689}.Debug|Any CPU.ActiveCfg = Debug|Any CPU
		{8CF7CF00-5796-40A7-BBA2-E7EB057A1689}.Debug|Any CPU.Build.0 = Debug|Any CPU
		{8CF7CF00-5796-40A7-BBA2-E7EB057A1689}.Release|Any CPU.ActiveCfg = Release|Any CPU
		{8CF7CF00-5796-40A7-BBA2-E7EB057A1689}.Release|Any CPU.Build.0 = Release|Any CPU
	EndGlobalSection
	GlobalSection(SolutionProperties) = preSolution
		HideSolutionNode = FALSE
	EndGlobalSection
	GlobalSection(ExtensibilityGlobals) = postSolution
		SolutionGuid = {15782025-E972-4039-BCA2-210AB398219C}
	EndGlobalSection
EndGlobal
