
Microsoft Visual Studio Solution File, Format Version 12.00
# Visual Studio Version 17
VisualStudioVersion = 17.11.35327.3
MinimumVisualStudioVersion = 10.0.40219.1
Project("{FAE04EC0-301F-11D3-BF4B-00C04F79EFBC}") = "practicaVacacional", "practicaVacacional\practicaVacacional.csproj", "{617AB1F0-50EA-4D27-B271-ECA6EDCCBC58}"
EndProject
Global
	GlobalSection(SolutionConfigurationPlatforms) = preSolution
		Debug|Any CPU = Debug|Any CPU
		Release|Any CPU = Release|Any CPU
	EndGlobalSection
	GlobalSection(ProjectConfigurationPlatforms) = postSolution
		{617AB1F0-50EA-4D27-B271-ECA6EDCCBC58}.Debug|Any CPU.ActiveCfg = Debug|Any CPU
		{617AB1F0-50EA-4D27-B271-ECA6EDCCBC58}.Debug|Any CPU.Build.0 = Debug|Any CPU
		{617AB1F0-50EA-4D27-B271-ECA6EDCCBC58}.Release|Any CPU.ActiveCfg = Release|Any CPU
		{617AB1F0-50EA-4D27-B271-ECA6EDCCBC58}.Release|Any CPU.Build.0 = Release|Any CPU
	EndGlobalSection
	GlobalSection(SolutionProperties) = preSolution
		HideSolutionNode = FALSE
	EndGlobalSection
	GlobalSection(ExtensibilityGlobals) = postSolution
		SolutionGuid = {F8586CA7-67F5-4BEE-91FE-180B89787B42}
	EndGlobalSection
EndGlobal
